{
  "name": "hanyupinyin-ts",
  "version": "0.1.0",
  "lockfileVersion": 2,
  "requires": true,
  "packages": {
    "": {
      "name": "hanyupinyin-ts",
      "version": "0.1.0",
      "license": "MIT",
      "dependencies": {
        "hpdx-ts": "git+https://github.com/pffy/hpdx-ts.git"
      },
      "devDependencies": {
        "typescript": "^4.6.4"
      }
    },
    "node_modules/hpdx-ts": {
      "version": "0.1.0",
      "resolved": "git+ssh://git@github.com/pffy/hpdx-ts.git#3dd0571a74079641414cb9e53fa2b1d59f85eb09",
      "license": "MIT"
    },
    "node_modules/typescript": {
      "version": "4.6.4",
      "resolved": "https://registry.npmjs.org/typescript/-/typescript-4.6.4.tgz",
      "integrity": "sha512-9ia/jWHIEbo49HfjrLGfKbZSuWo9iTMwXO+Ca3pRsSpbsMbc7/IU8NKdCZVRRBafVPGnoJeFL76ZOAA84I9fEg==",
      "dev": true,
      "bin": {
        "tsc": "bin/tsc",
        "tsserver": "bin/tsserver"
      },
      "engines": {
        "node": ">=4.2.0"
      }
    }
  },
  "dependencies": {
    "hpdx-ts": {
      "version": "git+ssh://git@github.com/pffy/hpdx-ts.git#3dd0571a74079641414cb9e53fa2b1d59f85eb09",
      "from": "hpdx-ts@git+https://github.com/pffy/hpdx-ts.git"
    },
    "typescript": {
      "version": "4.6.4",
      "resolved": "https://registry.npmjs.org/typescript/-/typescript-4.6.4.tgz",
      "integrity": "sha512-9ia/jWHIEbo49HfjrLGfKbZSuWo9iTMwXO+Ca3pRsSpbsMbc7/IU8NKdCZVRRBafVPGnoJeFL76ZOAA84I9fEg==",
      "dev": true
    }
  }
}
